
Microsoft Visual Studio Solution File, Format Version 12.00
# Visual Studio Version 17
VisualStudioVersion = 17.9.34616.47
MinimumVisualStudioVersion = 10.0.40219.1
Project("{9A19103F-16F7-4668-BE54-9A1E7A4F7556}") = "SaltRoadLib", "SaltRoadLib.csproj", "{3BBB6C9A-C4AF-4A6C-AFA1-A39448E4D2B9}"
EndProject
Project("{FAE04EC0-301F-11D3-BF4B-00C04F79EFBC}") = "WpfApp1", "..\WpfApp1\WpfApp1.csproj", "{D21DB80F-83AE-4E1A-A142-0562EEE6B9B9}"
EndProject
Global
	GlobalSection(SolutionConfigurationPlatforms) = preSolution
		Debug|Any CPU = Debug|Any CPU
		Release|Any CPU = Release|Any CPU
	EndGlobalSection
	GlobalSection(ProjectConfigurationPlatforms) = postSolution
		{3BBB6C9A-C4AF-4A6C-AFA1-A39448E4D2B9}.Debug|Any CPU.ActiveCfg = Debug|Any CPU
		{3BBB6C9A-C4AF-4A6C-AFA1-A39448E4D2B9}.Debug|Any CPU.Build.0 = Debug|Any CPU
		{3BBB6C9A-C4AF-4A6C-AFA1-A39448E4D2B9}.Release|Any CPU.ActiveCfg = Release|Any CPU
		{3BBB6C9A-C4AF-4A6C-AFA1-A39448E4D2B9}.Release|Any CPU.Build.0 = Release|Any CPU
		{D21DB80F-83AE-4E1A-A142-0562EEE6B9B9}.Debug|Any CPU.ActiveCfg = Debug|Any CPU
		{D21DB80F-83AE-4E1A-A142-0562EEE6B9B9}.Debug|Any CPU.Build.0 = Debug|Any CPU
		{D21DB80F-83AE-4E1A-A142-0562EEE6B9B9}.Release|Any CPU.ActiveCfg = Release|Any CPU
		{D21DB80F-83AE-4E1A-A142-0562EEE6B9B9}.Release|Any CPU.Build.0 = Release|Any CPU
	EndGlobalSection
	GlobalSection(SolutionProperties) = preSolution
		HideSolutionNode = FALSE
	EndGlobalSection
	GlobalSection(ExtensibilityGlobals) = postSolution
		SolutionGuid = {1ACAB2F8-1C00-4592-A31A-7D1BC956DC1A}
	EndGlobalSection
EndGlobal
